
Microsoft Visual Studio Solution File, Format Version 12.00
# Visual Studio 15
VisualStudioVersion = 15.0.28010.2026
MinimumVisualStudioVersion = 10.0.40219.1
Project("{9A19103F-16F7-4668-BE54-9A1E7A4F7556}") = "OnlineShoppingLibrary", "OnlineShoppingLibrary\OnlineShoppingLibrary.csproj", "{0385A616-7F94-4B81-9128-CF931737FCB3}"
EndProject
Project("{9A19103F-16F7-4668-BE54-9A1E7A4F7556}") = "OnlineShoppingApplication", "OnlineShoppingApplication\OnlineShoppingApplication.csproj", "{06A8CD08-F45E-4591-8E81-9528D9341C5B}"
EndProject
Project("{9A19103F-16F7-4668-BE54-9A1E7A4F7556}") = "OnlineShoppingServices", "OnlineShoppingServices\OnlineShoppingServices.csproj", "{B2C335FD-ACE5-4EA8-9DB5-56017FDB3CF3}"
EndProject
Project("{9A19103F-16F7-4668-BE54-9A1E7A4F7556}") = "OnlineShoppingTest", "OnlineShoppingTest\OnlineShoppingTest.csproj", "{27A256D6-FC4B-4242-93CC-7DF369911C67}"
EndProject
Global
	GlobalSection(SolutionConfigurationPlatforms) = preSolution
		Debug|Any CPU = Debug|Any CPU
		Release|Any CPU = Release|Any CPU
	EndGlobalSection
	GlobalSection(ProjectConfigurationPlatforms) = postSolution
		{0385A616-7F94-4B81-9128-CF931737FCB3}.Debug|Any CPU.ActiveCfg = Debug|Any CPU
		{0385A616-7F94-4B81-9128-CF931737FCB3}.Debug|Any CPU.Build.0 = Debug|Any CPU
		{0385A616-7F94-4B81-9128-CF931737FCB3}.Release|Any CPU.ActiveCfg = Release|Any CPU
		{0385A616-7F94-4B81-9128-CF931737FCB3}.Release|Any CPU.Build.0 = Release|Any CPU
		{06A8CD08-F45E-4591-8E81-9528D9341C5B}.Debug|Any CPU.ActiveCfg = Debug|Any CPU
		{06A8CD08-F45E-4591-8E81-9528D9341C5B}.Debug|Any CPU.Build.0 = Debug|Any CPU
		{06A8CD08-F45E-4591-8E81-9528D9341C5B}.Release|Any CPU.ActiveCfg = Release|Any CPU
		{06A8CD08-F45E-4591-8E81-9528D9341C5B}.Release|Any CPU.Build.0 = Release|Any CPU
		{B2C335FD-ACE5-4EA8-9DB5-56017FDB3CF3}.Debug|Any CPU.ActiveCfg = Debug|Any CPU
		{B2C335FD-ACE5-4EA8-9DB5-56017FDB3CF3}.Debug|Any CPU.Build.0 = Debug|Any CPU
		{B2C335FD-ACE5-4EA8-9DB5-56017FDB3CF3}.Release|Any CPU.ActiveCfg = Release|Any CPU
		{B2C335FD-ACE5-4EA8-9DB5-56017FDB3CF3}.Release|Any CPU.Build.0 = Release|Any CPU
		{27A256D6-FC4B-4242-93CC-7DF369911C67}.Debug|Any CPU.ActiveCfg = Debug|Any CPU
		{27A256D6-FC4B-4242-93CC-7DF369911C67}.Debug|Any CPU.Build.0 = Debug|Any CPU
		{27A256D6-FC4B-4242-93CC-7DF369911C67}.Release|Any CPU.ActiveCfg = Release|Any CPU
		{27A256D6-FC4B-4242-93CC-7DF369911C67}.Release|Any CPU.Build.0 = Release|Any CPU
	EndGlobalSection
	GlobalSection(SolutionProperties) = preSolution
		HideSolutionNode = FALSE
	EndGlobalSection
	GlobalSection(ExtensibilityGlobals) = postSolution
		SolutionGuid = {7A0C06B2-F85C-45BD-8BC8-82329455AFA3}
	EndGlobalSection
EndGlobal
